
Microsoft Visual Studio Solution File, Format Version 12.00
# Visual Studio Version 17
VisualStudioVersion = 17.3.32929.385
MinimumVisualStudioVersion = 10.0.40219.1
Project("{9A19103F-16F7-4668-BE54-9A1E7A4F7556}") = "AnimeIsland.App", "AnimeIsland.App\AnimeIsland.App.csproj", "{C21DE860-364A-47EC-8DBD-A1CF762CD83A}"
EndProject
Project("{9A19103F-16F7-4668-BE54-9A1E7A4F7556}") = "AnimeIsland.Data", "AnimeIsland.Data\AnimeIsland.Data.csproj", "{D16CC4D2-CDE8-4100-9154-D4B726A6A274}"
EndProject
Project("{9A19103F-16F7-4668-BE54-9A1E7A4F7556}") = "AnimeIsland.Bussiness", "AnimeIsland.Bussiness\AnimeIsland.Bussiness.csproj", "{ACC07CA0-BE70-4FA0-878C-1C0A89148023}"
EndProject
Global
	GlobalSection(SolutionConfigurationPlatforms) = preSolution
		Debug|Any CPU = Debug|Any CPU
		Release|Any CPU = Release|Any CPU
	EndGlobalSection
	GlobalSection(ProjectConfigurationPlatforms) = postSolution
		{C21DE860-364A-47EC-8DBD-A1CF762CD83A}.Debug|Any CPU.ActiveCfg = Debug|Any CPU
		{C21DE860-364A-47EC-8DBD-A1CF762CD83A}.Debug|Any CPU.Build.0 = Debug|Any CPU
		{C21DE860-364A-47EC-8DBD-A1CF762CD83A}.Release|Any CPU.ActiveCfg = Release|Any CPU
		{C21DE860-364A-47EC-8DBD-A1CF762CD83A}.Release|Any CPU.Build.0 = Release|Any CPU
		{D16CC4D2-CDE8-4100-9154-D4B726A6A274}.Debug|Any CPU.ActiveCfg = Debug|Any CPU
		{D16CC4D2-CDE8-4100-9154-D4B726A6A274}.Debug|Any CPU.Build.0 = Debug|Any CPU
		{D16CC4D2-CDE8-4100-9154-D4B726A6A274}.Release|Any CPU.ActiveCfg = Release|Any CPU
		{D16CC4D2-CDE8-4100-9154-D4B726A6A274}.Release|Any CPU.Build.0 = Release|Any CPU
		{ACC07CA0-BE70-4FA0-878C-1C0A89148023}.Debug|Any CPU.ActiveCfg = Debug|Any CPU
		{ACC07CA0-BE70-4FA0-878C-1C0A89148023}.Debug|Any CPU.Build.0 = Debug|Any CPU
		{ACC07CA0-BE70-4FA0-878C-1C0A89148023}.Release|Any CPU.ActiveCfg = Release|Any CPU
		{ACC07CA0-BE70-4FA0-878C-1C0A89148023}.Release|Any CPU.Build.0 = Release|Any CPU
	EndGlobalSection
	GlobalSection(SolutionProperties) = preSolution
		HideSolutionNode = FALSE
	EndGlobalSection
	GlobalSection(ExtensibilityGlobals) = postSolution
		SolutionGuid = {C1F5F13D-7389-4155-8BD3-BEFD6B556CB1}
	EndGlobalSection
EndGlobal
